
Microsoft Visual Studio Solution File, Format Version 12.00
# Visual Studio 15
VisualStudioVersion = 15.0.26124.0
MinimumVisualStudioVersion = 15.0.26124.0
Project("{FAE04EC0-301F-11D3-BF4B-00C04F79EFBC}") = "Domain", "Domain\Domain.csproj", "{98796F0E-D4A1-4373-9BA9-42364D0CEBEE}"
EndProject
Project("{FAE04EC0-301F-11D3-BF4B-00C04F79EFBC}") = "Application", "Application\Application.csproj", "{289990A4-4A06-4C3B-87D5-88B9C15BCB50}"
EndProject
Project("{FAE04EC0-301F-11D3-BF4B-00C04F79EFBC}") = "Persistance", "Persistance\Persistance.csproj", "{3B27AE0E-FEED-4580-91AC-BA22D342ED56}"
EndProject
Project("{FAE04EC0-301F-11D3-BF4B-00C04F79EFBC}") = "API", "API\API.csproj", "{92DCD54F-4C7F-47E5-A807-5F6093EE4657}"
EndProject
Global
	GlobalSection(SolutionConfigurationPlatforms) = preSolution
		Debug|Any CPU = Debug|Any CPU
		Debug|x64 = Debug|x64
		Debug|x86 = Debug|x86
		Release|Any CPU = Release|Any CPU
		Release|x64 = Release|x64
		Release|x86 = Release|x86
	EndGlobalSection
	GlobalSection(SolutionProperties) = preSolution
		HideSolutionNode = FALSE
	EndGlobalSection
	GlobalSection(ProjectConfigurationPlatforms) = postSolution
		{98796F0E-D4A1-4373-9BA9-42364D0CEBEE}.Debug|Any CPU.ActiveCfg = Debug|Any CPU
		{98796F0E-D4A1-4373-9BA9-42364D0CEBEE}.Debug|Any CPU.Build.0 = Debug|Any CPU
		{98796F0E-D4A1-4373-9BA9-42364D0CEBEE}.Debug|x64.ActiveCfg = Debug|Any CPU
		{98796F0E-D4A1-4373-9BA9-42364D0CEBEE}.Debug|x64.Build.0 = Debug|Any CPU
		{98796F0E-D4A1-4373-9BA9-42364D0CEBEE}.Debug|x86.ActiveCfg = Debug|Any CPU
		{98796F0E-D4A1-4373-9BA9-42364D0CEBEE}.Debug|x86.Build.0 = Debug|Any CPU
		{98796F0E-D4A1-4373-9BA9-42364D0CEBEE}.Release|Any CPU.ActiveCfg = Release|Any CPU
		{98796F0E-D4A1-4373-9BA9-42364D0CEBEE}.Release|Any CPU.Build.0 = Release|Any CPU
		{98796F0E-D4A1-4373-9BA9-42364D0CEBEE}.Release|x64.ActiveCfg = Release|Any CPU
		{98796F0E-D4A1-4373-9BA9-42364D0CEBEE}.Release|x64.Build.0 = Release|Any CPU
		{98796F0E-D4A1-4373-9BA9-42364D0CEBEE}.Release|x86.ActiveCfg = Release|Any CPU
		{98796F0E-D4A1-4373-9BA9-42364D0CEBEE}.Release|x86.Build.0 = Release|Any CPU
		{289990A4-4A06-4C3B-87D5-88B9C15BCB50}.Debug|Any CPU.ActiveCfg = Debug|Any CPU
		{289990A4-4A06-4C3B-87D5-88B9C15BCB50}.Debug|Any CPU.Build.0 = Debug|Any CPU
		{289990A4-4A06-4C3B-87D5-88B9C15BCB50}.Debug|x64.ActiveCfg = Debug|Any CPU
		{289990A4-4A06-4C3B-87D5-88B9C15BCB50}.Debug|x64.Build.0 = Debug|Any CPU
		{289990A4-4A06-4C3B-87D5-88B9C15BCB50}.Debug|x86.ActiveCfg = Debug|Any CPU
		{289990A4-4A06-4C3B-87D5-88B9C15BCB50}.Debug|x86.Build.0 = Debug|Any CPU
		{289990A4-4A06-4C3B-87D5-88B9C15BCB50}.Release|Any CPU.ActiveCfg = Release|Any CPU
		{289990A4-4A06-4C3B-87D5-88B9C15BCB50}.Release|Any CPU.Build.0 = Release|Any CPU
		{289990A4-4A06-4C3B-87D5-88B9C15BCB50}.Release|x64.ActiveCfg = Release|Any CPU
		{289990A4-4A06-4C3B-87D5-88B9C15BCB50}.Release|x64.Build.0 = Release|Any CPU
		{289990A4-4A06-4C3B-87D5-88B9C15BCB50}.Release|x86.ActiveCfg = Release|Any CPU
		{289990A4-4A06-4C3B-87D5-88B9C15BCB50}.Release|x86.Build.0 = Release|Any CPU
		{3B27AE0E-FEED-4580-91AC-BA22D342ED56}.Debug|Any CPU.ActiveCfg = Debug|Any CPU
		{3B27AE0E-FEED-4580-91AC-BA22D342ED56}.Debug|Any CPU.Build.0 = Debug|Any CPU
		{3B27AE0E-FEED-4580-91AC-BA22D342ED56}.Debug|x64.ActiveCfg = Debug|Any CPU
		{3B27AE0E-FEED-4580-91AC-BA22D342ED56}.Debug|x64.Build.0 = Debug|Any CPU
		{3B27AE0E-FEED-4580-91AC-BA22D342ED56}.Debug|x86.ActiveCfg = Debug|Any CPU
		{3B27AE0E-FEED-4580-91AC-BA22D342ED56}.Debug|x86.Build.0 = Debug|Any CPU
		{3B27AE0E-FEED-4580-91AC-BA22D342ED56}.Release|Any CPU.ActiveCfg = Release|Any CPU
		{3B27AE0E-FEED-4580-91AC-BA22D342ED56}.Release|Any CPU.Build.0 = Release|Any CPU
		{3B27AE0E-FEED-4580-91AC-BA22D342ED56}.Release|x64.ActiveCfg = Release|Any CPU
		{3B27AE0E-FEED-4580-91AC-BA22D342ED56}.Release|x64.Build.0 = Release|Any CPU
		{3B27AE0E-FEED-4580-91AC-BA22D342ED56}.Release|x86.ActiveCfg = Release|Any CPU
		{3B27AE0E-FEED-4580-91AC-BA22D342ED56}.Release|x86.Build.0 = Release|Any CPU
		{92DCD54F-4C7F-47E5-A807-5F6093EE4657}.Debug|Any CPU.ActiveCfg = Debug|Any CPU
		{92DCD54F-4C7F-47E5-A807-5F6093EE4657}.Debug|Any CPU.Build.0 = Debug|Any CPU
		{92DCD54F-4C7F-47E5-A807-5F6093EE4657}.Debug|x64.ActiveCfg = Debug|Any CPU
		{92DCD54F-4C7F-47E5-A807-5F6093EE4657}.Debug|x64.Build.0 = Debug|Any CPU
		{92DCD54F-4C7F-47E5-A807-5F6093EE4657}.Debug|x86.ActiveCfg = Debug|Any CPU
		{92DCD54F-4C7F-47E5-A807-5F6093EE4657}.Debug|x86.Build.0 = Debug|Any CPU
		{92DCD54F-4C7F-47E5-A807-5F6093EE4657}.Release|Any CPU.ActiveCfg = Release|Any CPU
		{92DCD54F-4C7F-47E5-A807-5F6093EE4657}.Release|Any CPU.Build.0 = Release|Any CPU
		{92DCD54F-4C7F-47E5-A807-5F6093EE4657}.Release|x64.ActiveCfg = Release|Any CPU
		{92DCD54F-4C7F-47E5-A807-5F6093EE4657}.Release|x64.Build.0 = Release|Any CPU
		{92DCD54F-4C7F-47E5-A807-5F6093EE4657}.Release|x86.ActiveCfg = Release|Any CPU
		{92DCD54F-4C7F-47E5-A807-5F6093EE4657}.Release|x86.Build.0 = Release|Any CPU
	EndGlobalSection
EndGlobal
